{
  "nodes": {
    "agenix": {
      "inputs": {
        "darwin": [],
        "home-manager": [
          "hm"
        ],
        "nixpkgs": [
          "nixpkgs"
        ],
        "systems": "systems"
      },
      "locked": {
        "lastModified": 1723293904,
        "narHash": "sha256-b+uqzj+Wa6xgMS9aNbX4I+sXeb5biPDi39VgvSFqFvU=",
        "owner": "ryantm",
        "repo": "agenix",
        "rev": "f6291c5935fdc4e0bef208cfc0dcab7e3f7a1c41",
        "type": "github"
      },
      "original": {
        "owner": "ryantm",
        "repo": "agenix",
        "type": "github"
      }
    },
    "anyrun": {
      "inputs": {
        "flake-parts": [
          "flake-parts"
        ],
        "nixpkgs": [
          "nixpkgs"
        ],
        "systems": "systems_2"
      },
      "locked": {
        "lastModified": 1721135360,
        "narHash": "sha256-ZhSA0e45UxiOAjEVqkym/aULh0Dt+KHJLNda7bjx9UI=",
        "owner": "anyrun-org",
        "repo": "anyrun",
        "rev": "c6101a31a80b51e32e96f6a77616b609770172e0",
        "type": "github"
      },
      "original": {
        "owner": "anyrun-org",
        "repo": "anyrun",
        "type": "github"
      }
    },
    "aquamarine": {
      "inputs": {
        "hyprutils": [
          "hyprland",
          "hyprutils"
        ],
        "hyprwayland-scanner": [
          "hyprland",
          "hyprwayland-scanner"
        ],
        "nixpkgs": [
          "hyprland",
          "nixpkgs"
        ],
        "systems": [
          "hyprland",
          "systems"
        ]
      },
      "locked": {
        "lastModified": 1725199881,
        "narHash": "sha256-jsmipf/u1GFZE5tBUkr56CHMN6VpUWCAjfLIhvQijU0=",
        "owner": "hyprwm",
        "repo": "aquamarine",
        "rev": "f8a687dd29ff019657498f1bd14da2fbbf0e604b",
        "type": "github"
      },
      "original": {
        "owner": "hyprwm",
        "repo": "aquamarine",
        "type": "github"
      }
    },
    "crane": {
      "inputs": {
        "nixpkgs": [
          "leftwm",
          "nixpkgs"
        ]
      },
      "locked": {
        "lastModified": 1709485267,
        "narHash": "sha256-bunOdYTK9YNiy+u0D6YN8q40oAeHoQ+9EgoatF3InJ8=",
        "owner": "ipetkov",
        "repo": "crane",
        "rev": "e4a71521a8eafc07524c55326ecc4ea942b06e25",
        "type": "github"
      },
      "original": {
        "owner": "ipetkov",
        "repo": "crane",
        "type": "github"
      }
    },
    "crane_2": {
      "inputs": {
        "nixpkgs": [
          "schizofox",
          "searx-randomizer",
          "nixpkgs"
        ]
      },
      "locked": {
        "lastModified": 1701386725,
        "narHash": "sha256-w4aBlMYh9Y8co1V80m5LzEKMijUJ7CBTq209WbqVwUU=",
        "owner": "ipetkov",
        "repo": "crane",
        "rev": "8b9bad9b30bd7a9ed08782e64846b7485f9d0a38",
        "type": "github"
      },
      "original": {
        "owner": "ipetkov",
        "repo": "crane",
        "type": "github"
      }
    },
    "dapu": {
      "inputs": {
        "flake-parts": "flake-parts",
        "nixpkgs": "nixpkgs",
        "rust-overlay": "rust-overlay"
      },
      "locked": {
        "lastModified": 1725993263,
        "narHash": "sha256-6g5odNNrPw/VDXr0K72Q5iHodon/uixovbOj1rOhwDA=",
        "owner": "crolbar",
        "repo": "dapu",
        "rev": "cf5a000097ee2f4badede2c4371a6516816c0496",
        "type": "github"
      },
      "original": {
        "owner": "crolbar",
        "repo": "dapu",
        "type": "github"
      }
    },
    "darkmatter-grub-theme": {
      "inputs": {
        "flake-compat": "flake-compat",
        "nixpkgs": [
          "nixpkgs"
        ]
      },
      "locked": {
        "lastModified": 1683347392,
        "narHash": "sha256-snW+8pJvBQ1B11FmUf6kSgARZW5OvW9uXgxA2VrlzcQ=",
        "owner": "VandalByte",
        "repo": "darkmatter-grub-theme",
        "rev": "efe1abbde0aa9410217247d415ff734583af9711",
        "type": "gitlab"
      },
      "original": {
        "owner": "VandalByte",
        "repo": "darkmatter-grub-theme",
        "type": "gitlab"
      }
    },
    "flake-compat": {
      "flake": false,
      "locked": {
        "lastModified": 1673956053,
        "narHash": "sha256-4gtG9iQuiKITOjNQQeQIpoIB6b16fm+504Ch3sNKLd8=",
        "owner": "edolstra",
        "repo": "flake-compat",
        "rev": "35bb57c0c8d8b62bbfd284272c928ceb64ddbde9",
        "type": "github"
      },
      "original": {
        "owner": "edolstra",
        "repo": "flake-compat",
        "type": "github"
      }
    },
    "flake-compat_2": {
      "flake": false,
      "locked": {
        "lastModified": 1696426674,
        "narHash": "sha256-kvjfFW7WAETZlt09AgDn1MrtKzP7t90Vf7vypd3OL1U=",
        "owner": "edolstra",
        "repo": "flake-compat",
        "rev": "0f9255e01c2351cc7d116c072cb317785dd33b33",
        "type": "github"
      },
      "original": {
        "owner": "edolstra",
        "repo": "flake-compat",
        "type": "github"
      }
    },
    "flake-compat_3": {
      "flake": false,
      "locked": {
        "lastModified": 1696426674,
        "narHash": "sha256-kvjfFW7WAETZlt09AgDn1MrtKzP7t90Vf7vypd3OL1U=",
        "owner": "edolstra",
        "repo": "flake-compat",
        "rev": "0f9255e01c2351cc7d116c072cb317785dd33b33",
        "type": "github"
      },
      "original": {
        "owner": "edolstra",
        "repo": "flake-compat",
        "type": "github"
      }
    },
    "flake-compat_4": {
      "flake": false,
      "locked": {
        "lastModified": 1696426674,
        "narHash": "sha256-kvjfFW7WAETZlt09AgDn1MrtKzP7t90Vf7vypd3OL1U=",
        "owner": "edolstra",
        "repo": "flake-compat",
        "rev": "0f9255e01c2351cc7d116c072cb317785dd33b33",
        "type": "github"
      },
      "original": {
        "owner": "edolstra",
        "repo": "flake-compat",
        "type": "github"
      }
    },
    "flake-compat_5": {
      "flake": false,
      "locked": {
        "lastModified": 1696426674,
        "narHash": "sha256-kvjfFW7WAETZlt09AgDn1MrtKzP7t90Vf7vypd3OL1U=",
        "owner": "edolstra",
        "repo": "flake-compat",
        "rev": "0f9255e01c2351cc7d116c072cb317785dd33b33",
        "type": "github"
      },
      "original": {
        "owner": "edolstra",
        "repo": "flake-compat",
        "type": "github"
      }
    },
    "flake-parts": {
      "inputs": {
        "nixpkgs-lib": [
          "dapu",
          "nixpkgs"
        ]
      },
      "locked": {
        "lastModified": 1725234343,
        "narHash": "sha256-+ebgonl3NbiKD2UD0x4BszCZQ6sTfL4xioaM49o5B3Y=",
        "owner": "hercules-ci",
        "repo": "flake-parts",
        "rev": "567b938d64d4b4112ee253b9274472dc3a346eb6",
        "type": "github"
      },
      "original": {
        "owner": "hercules-ci",
        "repo": "flake-parts",
        "type": "github"
      }
    },
    "flake-parts_2": {
      "inputs": {
        "nixpkgs-lib": [
          "nixpkgs"
        ]
      },
      "locked": {
        "lastModified": 1725234343,
        "narHash": "sha256-+ebgonl3NbiKD2UD0x4BszCZQ6sTfL4xioaM49o5B3Y=",
        "owner": "hercules-ci",
        "repo": "flake-parts",
        "rev": "567b938d64d4b4112ee253b9274472dc3a346eb6",
        "type": "github"
      },
      "original": {
        "owner": "hercules-ci",
        "repo": "flake-parts",
        "type": "github"
      }
    },
    "flake-parts_3": {
      "inputs": {
        "nixpkgs-lib": [
          "gazi",
          "nixpkgs"
        ]
      },
      "locked": {
        "lastModified": 1727826117,
        "narHash": "sha256-K5ZLCyfO/Zj9mPFldf3iwS6oZStJcU4tSpiXTMYaaL0=",
        "owner": "hercules-ci",
        "repo": "flake-parts",
        "rev": "3d04084d54bedc3d6b8b736c70ef449225c361b1",
        "type": "github"
      },
      "original": {
        "owner": "hercules-ci",
        "repo": "flake-parts",
        "type": "github"
      }
    },
    "flake-parts_4": {
      "inputs": {
        "nixpkgs-lib": "nixpkgs-lib"
      },
      "locked": {
        "lastModified": 1709336216,
        "narHash": "sha256-Dt/wOWeW6Sqm11Yh+2+t0dfEWxoMxGBvv3JpIocFl9E=",
        "owner": "hercules-ci",
        "repo": "flake-parts",
        "rev": "f7b3c975cf067e56e7cda6cb098ebe3fb4d74ca2",
        "type": "github"
      },
      "original": {
        "owner": "hercules-ci",
        "repo": "flake-parts",
        "type": "github"
      }
    },
    "flake-parts_5": {
      "inputs": {
        "nixpkgs-lib": [
          "matm",
          "nixpkgs"
        ]
      },
      "locked": {
        "lastModified": 1722555600,
        "narHash": "sha256-XOQkdLafnb/p9ij77byFQjDf5m5QYl9b2REiVClC+x4=",
        "owner": "hercules-ci",
        "repo": "flake-parts",
        "rev": "8471fe90ad337a8074e957b69ca4d0089218391d",
        "type": "github"
      },
      "original": {
        "owner": "hercules-ci",
        "repo": "flake-parts",
        "type": "github"
      }
    },
    "flake-parts_6": {
      "inputs": {
        "nixpkgs-lib": "nixpkgs-lib_2"
      },
      "locked": {
        "lastModified": 1698882062,
        "narHash": "sha256-HkhafUayIqxXyHH1X8d9RDl1M2CkFgZLjKD3MzabiEo=",
        "owner": "hercules-ci",
        "repo": "flake-parts",
        "rev": "8c9fa2545007b49a5db5f650ae91f227672c3877",
        "type": "github"
      },
      "original": {
        "owner": "hercules-ci",
        "repo": "flake-parts",
        "type": "github"
      }
    },
    "flake-utils": {
      "inputs": {
        "systems": "systems_4"
      },
      "locked": {
        "lastModified": 1705309234,
        "narHash": "sha256-uNRRNRKmJyCRC/8y1RqBkqWBLM034y4qN7EprSdmgyA=",
        "owner": "numtide",
        "repo": "flake-utils",
        "rev": "1ef2e671c3b0c19053962c07dbda38332dcebf26",
        "type": "github"
      },
      "original": {
        "owner": "numtide",
        "repo": "flake-utils",
        "type": "github"
      }
    },
    "flake-utils_2": {
      "inputs": {
        "systems": "systems_8"
      },
      "locked": {
        "lastModified": 1710146030,
        "narHash": "sha256-SZ5L6eA7HJ/nmkzGG7/ISclqe6oZdOZTNoesiInkXPQ=",
        "owner": "numtide",
        "repo": "flake-utils",
        "rev": "b1d9ab70662946ef0850d488da1c9019f3a9752a",
        "type": "github"
      },
      "original": {
        "owner": "numtide",
        "repo": "flake-utils",
        "type": "github"
      }
    },
    "flake-utils_3": {
      "inputs": {
        "systems": "systems_9"
      },
      "locked": {
        "lastModified": 1710146030,
        "narHash": "sha256-SZ5L6eA7HJ/nmkzGG7/ISclqe6oZdOZTNoesiInkXPQ=",
        "owner": "numtide",
        "repo": "flake-utils",
        "rev": "b1d9ab70662946ef0850d488da1c9019f3a9752a",
        "type": "github"
      },
      "original": {
        "owner": "numtide",
        "repo": "flake-utils",
        "type": "github"
      }
    },
    "flake-utils_4": {
      "inputs": {
        "systems": "systems_10"
      },
      "locked": {
        "lastModified": 1710146030,
        "narHash": "sha256-SZ5L6eA7HJ/nmkzGG7/ISclqe6oZdOZTNoesiInkXPQ=",
        "owner": "numtide",
        "repo": "flake-utils",
        "rev": "b1d9ab70662946ef0850d488da1c9019f3a9752a",
        "type": "github"
      },
      "original": {
        "owner": "numtide",
        "repo": "flake-utils",
        "type": "github"
      }
    },
    "freetype2": {
      "flake": false,
      "locked": {
        "lastModified": 1687587065,
        "narHash": "sha256-+Fh+/k+NWL5Ow9sDLtp8Cv/8rLNA1oByQQCIQS/bysY=",
        "owner": "wez",
        "repo": "freetype2",
        "rev": "e4586d960f339cf75e2e0b34aee30a0ed8353c0d",
        "type": "github"
      },
      "original": {
        "owner": "wez",
        "repo": "freetype2",
        "rev": "e4586d960f339cf75e2e0b34aee30a0ed8353c0d",
        "type": "github"
      }
    },
    "gazi": {
      "inputs": {
        "flake-parts": "flake-parts_3",
        "nixpkgs": "nixpkgs_2"
      },
      "locked": {
        "lastModified": 1728416128,
        "narHash": "sha256-wbMLhFfWo8/DdTQpDfu/CrnSyxXxerL8YEIoQOqyjSE=",
        "owner": "crolbar",
        "repo": "gazi",
        "rev": "95359cb0b262343c76f0b2fe60dd1a899b04f715",
        "type": "github"
      },
      "original": {
        "owner": "crolbar",
        "repo": "gazi",
        "type": "github"
      }
    },
    "harfbuzz": {
      "flake": false,
      "locked": {
        "lastModified": 1711722720,
        "narHash": "sha256-GdxcAPx5QyniSHPAN1ih28AD9JLUPR0ItqW9JEsl3pU=",
        "owner": "harfbuzz",
        "repo": "harfbuzz",
        "rev": "63973005bc07aba599b47fdd4cf788647b601ccd",
        "type": "github"
      },
      "original": {
        "owner": "harfbuzz",
        "ref": "8.4.0",
        "repo": "harfbuzz",
        "type": "github"
      }
    },
    "hercules-ci-effects": {
      "inputs": {
        "flake-parts": [
          "schizofox",
          "nixpak",
          "flake-parts"
        ],
        "nixpkgs": [
          "schizofox",
          "nixpak",
          "nixpkgs"
        ]
      },
      "locked": {
        "lastModified": 1719226092,
        "narHash": "sha256-YNkUMcCUCpnULp40g+svYsaH1RbSEj6s4WdZY/SHe38=",
        "owner": "hercules-ci",
        "repo": "hercules-ci-effects",
        "rev": "11e4b8dc112e2f485d7c97e1cee77f9958f498f5",
        "type": "github"
      },
      "original": {
        "owner": "hercules-ci",
        "repo": "hercules-ci-effects",
        "type": "github"
      }
    },
    "hm": {
      "inputs": {
        "nixpkgs": [
          "nixpkgs"
        ]
      },
      "locked": {
        "lastModified": 1725781935,
        "narHash": "sha256-o6LRtdpgBTzev9n243Ktu3rn0/qsv0frFyJwU6vJsdE=",
        "owner": "nix-community",
        "repo": "home-manager",
        "rev": "ec4c6928bbacc89cf10e9c959a7a47cbaad95344",
        "type": "github"
      },
      "original": {
        "owner": "nix-community",
        "repo": "home-manager",
        "type": "github"
      }
    },
    "home-manager": {
      "inputs": {
        "nixpkgs": [
          "schizofox",
          "nixpkgs"
        ]
      },
      "locked": {
        "lastModified": 1723015306,
        "narHash": "sha256-jQnFEtH20/OsDPpx71ntZzGdRlpXhUENSQCGTjn//NA=",
        "owner": "nix-community",
        "repo": "home-manager",
        "rev": "b3d5ea65d88d67d4ec578ed11d4d2d51e3de525e",
        "type": "github"
      },
      "original": {
        "owner": "nix-community",
        "repo": "home-manager",
        "type": "github"
      }
    },
    "hyprcursor": {
      "inputs": {
        "hyprlang": [
          "hyprland",
          "hyprlang"
        ],
        "nixpkgs": [
          "hyprland",
          "nixpkgs"
        ],
        "systems": [
          "hyprland",
          "systems"
        ]
      },
      "locked": {
        "lastModified": 1722623071,
        "narHash": "sha256-sLADpVgebpCBFXkA1FlCXtvEPu1tdEsTfqK1hfeHySE=",
        "owner": "hyprwm",
        "repo": "hyprcursor",
        "rev": "912d56025f03d41b1ad29510c423757b4379eb1c",
        "type": "github"
      },
      "original": {
        "owner": "hyprwm",
        "repo": "hyprcursor",
        "type": "github"
      }
    },
    "hyprland": {
      "inputs": {
        "aquamarine": "aquamarine",
        "hyprcursor": "hyprcursor",
        "hyprlang": "hyprlang",
        "hyprutils": "hyprutils",
        "hyprwayland-scanner": "hyprwayland-scanner",
        "nixpkgs": "nixpkgs_3",
        "systems": "systems_3",
        "xdph": "xdph"
      },
      "locked": {
        "lastModified": 1725814101,
        "narHash": "sha256-+wE97utoDfhQP6AMdZHUmBeL8grbce/Jv2i5M+6AbaE=",
        "ref": "refs/tags/v0.43.0",
        "rev": "0f594732b063a90d44df8c5d402d658f27471dfe",
        "revCount": 5196,
        "submodules": true,
        "type": "git",
        "url": "https://github.com/hyprwm/Hyprland"
      },
      "original": {
        "ref": "refs/tags/v0.43.0",
        "submodules": true,
        "type": "git",
        "url": "https://github.com/hyprwm/Hyprland"
      }
    },
    "hyprland-protocols": {
      "inputs": {
        "nixpkgs": [
          "hyprland",
          "xdph",
          "nixpkgs"
        ],
        "systems": [
          "hyprland",
          "xdph",
          "systems"
        ]
      },
      "locked": {
        "lastModified": 1721326555,
        "narHash": "sha256-zCu4R0CSHEactW9JqYki26gy8h9f6rHmSwj4XJmlHgg=",
        "owner": "hyprwm",
        "repo": "hyprland-protocols",
        "rev": "5a11232266bf1a1f5952d5b179c3f4b2facaaa84",
        "type": "github"
      },
      "original": {
        "owner": "hyprwm",
        "repo": "hyprland-protocols",
        "type": "github"
      }
    },
    "hyprlang": {
      "inputs": {
        "hyprutils": [
          "hyprland",
          "hyprutils"
        ],
        "nixpkgs": [
          "hyprland",
          "nixpkgs"
        ],
        "systems": [
          "hyprland",
          "systems"
        ]
      },
      "locked": {
        "lastModified": 1725188252,
        "narHash": "sha256-yBH8c4GDaEAtBrh+BqIlrx5vp6gG/Gu8fQQK63KAQgs=",
        "owner": "hyprwm",
        "repo": "hyprlang",
        "rev": "c12ab785ce1982f82594aff03b3104c598186ddd",
        "type": "github"
      },
      "original": {
        "owner": "hyprwm",
        "repo": "hyprlang",
        "type": "github"
      }
    },
    "hyprutils": {
      "inputs": {
        "nixpkgs": [
          "hyprland",
          "nixpkgs"
        ],
        "systems": [
          "hyprland",
          "systems"
        ]
      },
      "locked": {
        "lastModified": 1724966483,
        "narHash": "sha256-WXDgKIbzjYKczxSZOsJplCS1i1yrTUpsDPuJV/xpYLo=",
        "owner": "hyprwm",
        "repo": "hyprutils",
        "rev": "8976e3f6a5357da953a09511d0c7f6a890fb6ec2",
        "type": "github"
      },
      "original": {
        "owner": "hyprwm",
        "repo": "hyprutils",
        "type": "github"
      }
    },
    "hyprwayland-scanner": {
      "inputs": {
        "nixpkgs": [
          "hyprland",
          "nixpkgs"
        ],
        "systems": [
          "hyprland",
          "systems"
        ]
      },
      "locked": {
        "lastModified": 1721324119,
        "narHash": "sha256-SOOqIT27/X792+vsLSeFdrNTF+OSRp5qXv6Te+fb2Qg=",
        "owner": "hyprwm",
        "repo": "hyprwayland-scanner",
        "rev": "a048a6cb015340bd82f97c1f40a4b595ca85cc30",
        "type": "github"
      },
      "original": {
        "owner": "hyprwm",
        "repo": "hyprwayland-scanner",
        "type": "github"
      }
    },
    "leftwm": {
      "inputs": {
        "crane": "crane",
        "flake-parts": "flake-parts_4",
        "nixpkgs": "nixpkgs_4",
        "rust-overlay": "rust-overlay_2"
      },
      "locked": {
        "lastModified": 1724271391,
        "narHash": "sha256-ZoSZaNXxBLf8263GW7Cfbn7h1uW+GDSASbGCxl4u7mM=",
        "owner": "leftwm",
        "repo": "leftwm",
        "rev": "36609e0fcdfd131834b2ec9f1913211da6138ba1",
        "type": "github"
      },
      "original": {
        "owner": "leftwm",
        "repo": "leftwm",
        "type": "github"
      }
    },
    "libpng": {
      "flake": false,
      "locked": {
        "lastModified": 1549245649,
        "narHash": "sha256-1+cRp0Ungme/OGfc9kGJbklYIWAFxk8Il1M+NV4KSgw=",
        "owner": "glennrp",
        "repo": "libpng",
        "rev": "8439534daa1d3a5705ba92e653eda9251246dd61",
        "type": "github"
      },
      "original": {
        "owner": "glennrp",
        "repo": "libpng",
        "rev": "8439534daa1d3a5705ba92e653eda9251246dd61",
        "type": "github"
      }
    },
    "lobster": {
      "inputs": {
        "nixpkgs": [
          "nixpkgs"
        ],
        "systems": "systems_5"
      },
      "locked": {
        "lastModified": 1724168814,
        "narHash": "sha256-SaR4yGdY6EuTcilgD6jEd7kJYOpsqPOAXpYe+omagNc=",
        "owner": "justchokingaround",
        "repo": "lobster",
        "rev": "d8a2b735a78973e1b424bb5a431178c0a09de8cb",
        "type": "github"
      },
      "original": {
        "owner": "justchokingaround",
        "repo": "lobster",
        "type": "github"
      }
    },
    "matm": {
      "inputs": {
        "flake-parts": "flake-parts_5",
        "nixpkgs": "nixpkgs_5",
        "rust-overlay": "rust-overlay_3"
      },
      "locked": {
        "lastModified": 1726338889,
        "narHash": "sha256-sRG57/tXIkqrVhWmZvyvMjBB3B939gV1I+8DRtCXJvQ=",
        "owner": "crolbar",
        "repo": "matm",
        "rev": "d75acb7f6dc6226b50e4af94e6c48cf314590c98",
        "type": "github"
      },
      "original": {
        "owner": "crolbar",
        "repo": "matm",
        "type": "github"
      }
    },
    "microfetch": {
      "inputs": {
        "nixpkgs": [
          "nixpkgs"
        ]
      },
      "locked": {
        "lastModified": 1723918449,
        "narHash": "sha256-bRN16Iq9m6HaeT+KWCpeukTu1tnMOvtM6lDHO5OiIS4=",
        "owner": "notashelf",
        "repo": "microfetch",
        "rev": "9ed9e8d930b18895fd7629a58a2a322ea52eea21",
        "type": "github"
      },
      "original": {
        "owner": "notashelf",
        "repo": "microfetch",
        "type": "github"
      }
    },
    "multitask": {
      "flake": false,
      "locked": {
        "lastModified": 1718331704,
        "narHash": "sha256-QOElADOP37F+bXZDZ291m/ofGXTmr4k7Nm/DlwoMbZA=",
        "owner": "imsnif",
        "repo": "multitask",
        "rev": "a79096cea604a30214829b51294f596d165ab36c",
        "type": "github"
      },
      "original": {
        "owner": "imsnif",
        "repo": "multitask",
        "type": "github"
      }
    },
    "nix-gaming": {
      "inputs": {
        "flake-parts": [
          "flake-parts"
        ],
        "nixpkgs": [
          "nixpkgs"
        ],
        "umu": "umu"
      },
      "locked": {
        "lastModified": 1725759635,
        "narHash": "sha256-ud4X/spA6YV0po5UgKOA7R2qHl/pimWHzgs0NXPgh84=",
        "owner": "fufexan",
        "repo": "nix-gaming",
        "rev": "ec0bcaccd0026422f35d0ef17e91cff61bdcc805",
        "type": "github"
      },
      "original": {
        "owner": "fufexan",
        "repo": "nix-gaming",
        "type": "github"
      }
    },
    "nixpak": {
      "inputs": {
        "flake-parts": [
          "schizofox",
          "flake-parts"
        ],
        "hercules-ci-effects": "hercules-ci-effects",
        "nixpkgs": [
          "schizofox",
          "nixpkgs"
        ]
      },
      "locked": {
        "lastModified": 1723083542,
        "narHash": "sha256-Nkbb3j+P0zMqvZUlV6WbT5erHasZ14NW0TJS3Bb9dVY=",
        "owner": "nixpak",
        "repo": "nixpak",
        "rev": "d36970c58794c90401617accae0eb48868e335e6",
        "type": "github"
      },
      "original": {
        "owner": "nixpak",
        "repo": "nixpak",
        "type": "github"
      }
    },
    "nixpkgs": {
      "locked": {
        "lastModified": 1725634671,
        "narHash": "sha256-v3rIhsJBOMLR8e/RNWxr828tB+WywYIoajrZKFM+0Gg=",
        "owner": "NixOS",
        "repo": "nixpkgs",
        "rev": "574d1eac1c200690e27b8eb4e24887f8df7ac27c",
        "type": "github"
      },
      "original": {
        "owner": "NixOS",
        "ref": "nixos-unstable",
        "repo": "nixpkgs",
        "type": "github"
      }
    },
    "nixpkgs-lib": {
      "locked": {
        "dir": "lib",
        "lastModified": 1709237383,
        "narHash": "sha256-cy6ArO4k5qTx+l5o+0mL9f5fa86tYUX3ozE1S+Txlds=",
        "owner": "NixOS",
        "repo": "nixpkgs",
        "rev": "1536926ef5621b09bba54035ae2bb6d806d72ac8",
        "type": "github"
      },
      "original": {
        "dir": "lib",
        "owner": "NixOS",
        "ref": "nixos-unstable",
        "repo": "nixpkgs",
        "type": "github"
      }
    },
    "nixpkgs-lib_2": {
      "locked": {
        "dir": "lib",
        "lastModified": 1698611440,
        "narHash": "sha256-jPjHjrerhYDy3q9+s5EAsuhyhuknNfowY6yt6pjn9pc=",
        "owner": "NixOS",
        "repo": "nixpkgs",
        "rev": "0cbe9f69c234a7700596e943bfae7ef27a31b735",
        "type": "github"
      },
      "original": {
        "dir": "lib",
        "owner": "NixOS",
        "ref": "nixos-unstable",
        "repo": "nixpkgs",
        "type": "github"
      }
    },
    "nixpkgs_10": {
      "locked": {
        "lastModified": 1725634671,
        "narHash": "sha256-v3rIhsJBOMLR8e/RNWxr828tB+WywYIoajrZKFM+0Gg=",
        "owner": "nixos",
        "repo": "nixpkgs",
        "rev": "574d1eac1c200690e27b8eb4e24887f8df7ac27c",
        "type": "github"
      },
      "original": {
        "owner": "nixos",
        "ref": "nixos-unstable",
        "repo": "nixpkgs",
        "type": "github"
      }
    },
    "nixpkgs_2": {
      "locked": {
        "lastModified": 1728241625,
        "narHash": "sha256-yumd4fBc/hi8a9QgA9IT8vlQuLZ2oqhkJXHPKxH/tRw=",
        "owner": "NixOS",
        "repo": "nixpkgs",
        "rev": "c31898adf5a8ed202ce5bea9f347b1c6871f32d1",
        "type": "github"
      },
      "original": {
        "owner": "NixOS",
        "ref": "nixos-unstable",
        "repo": "nixpkgs",
        "type": "github"
      }
    },
    "nixpkgs_3": {
      "locked": {
        "lastModified": 1725103162,
        "narHash": "sha256-Ym04C5+qovuQDYL/rKWSR+WESseQBbNAe5DsXNx5trY=",
        "owner": "NixOS",
        "repo": "nixpkgs",
        "rev": "12228ff1752d7b7624a54e9c1af4b222b3c1073b",
        "type": "github"
      },
      "original": {
        "owner": "NixOS",
        "ref": "nixos-unstable",
        "repo": "nixpkgs",
        "type": "github"
      }
    },
    "nixpkgs_4": {
      "locked": {
        "lastModified": 1709479366,
        "narHash": "sha256-n6F0n8UV6lnTZbYPl1A9q1BS0p4hduAv1mGAP17CVd0=",
        "owner": "NixOS",
        "repo": "nixpkgs",
        "rev": "b8697e57f10292a6165a20f03d2f42920dfaf973",
        "type": "github"
      },
      "original": {
        "id": "nixpkgs",
        "ref": "nixos-unstable",
        "type": "indirect"
      }
    },
    "nixpkgs_5": {
      "locked": {
        "lastModified": 1723637854,
        "narHash": "sha256-med8+5DSWa2UnOqtdICndjDAEjxr5D7zaIiK4pn0Q7c=",
        "owner": "NixOS",
        "repo": "nixpkgs",
        "rev": "c3aa7b8938b17aebd2deecf7be0636000d62a2b9",
        "type": "github"
      },
      "original": {
        "owner": "NixOS",
        "ref": "nixos-unstable",
        "repo": "nixpkgs",
        "type": "github"
      }
    },
    "nixpkgs_6": {
      "locked": {
        "lastModified": 1725634671,
        "narHash": "sha256-v3rIhsJBOMLR8e/RNWxr828tB+WywYIoajrZKFM+0Gg=",
        "owner": "NixOS",
        "repo": "nixpkgs",
        "rev": "574d1eac1c200690e27b8eb4e24887f8df7ac27c",
        "type": "github"
      },
      "original": {
        "id": "nixpkgs",
        "ref": "nixos-unstable",
        "type": "indirect"
      }
    },
    "nixpkgs_7": {
      "locked": {
        "lastModified": 1723637854,
        "narHash": "sha256-med8+5DSWa2UnOqtdICndjDAEjxr5D7zaIiK4pn0Q7c=",
        "owner": "NixOS",
        "repo": "nixpkgs",
        "rev": "c3aa7b8938b17aebd2deecf7be0636000d62a2b9",
        "type": "github"
      },
      "original": {
        "owner": "NixOS",
        "ref": "nixos-unstable",
        "repo": "nixpkgs",
        "type": "github"
      }
    },
    "nixpkgs_8": {
      "locked": {
        "lastModified": 1723637854,
        "narHash": "sha256-med8+5DSWa2UnOqtdICndjDAEjxr5D7zaIiK4pn0Q7c=",
        "owner": "NixOS",
        "repo": "nixpkgs",
        "rev": "c3aa7b8938b17aebd2deecf7be0636000d62a2b9",
        "type": "github"
      },
      "original": {
        "owner": "NixOS",
        "ref": "nixos-unstable",
        "repo": "nixpkgs",
        "type": "github"
      }
    },
    "nixpkgs_9": {
      "locked": {
        "lastModified": 1722415718,
        "narHash": "sha256-5US0/pgxbMksF92k1+eOa8arJTJiPvsdZj9Dl+vJkM4=",
        "owner": "NixOS",
        "repo": "nixpkgs",
        "rev": "c3392ad349a5227f4a3464dce87bcc5046692fce",
        "type": "github"
      },
      "original": {
        "owner": "NixOS",
        "ref": "nixpkgs-unstable",
        "repo": "nixpkgs",
        "type": "github"
      }
    },
    "npassm": {
      "inputs": {
        "nixpkgs": "nixpkgs_7"
      },
      "locked": {
        "lastModified": 1724226247,
        "narHash": "sha256-zGG9lmBxhVH/Ls2O8LpWOgupb7BClzsIcEsGJNnvSB0=",
        "owner": "crolbar",
        "repo": "npassm",
        "rev": "01365e8ed105ccb7607afdb6314b12b00dc21571",
        "type": "github"
      },
      "original": {
        "owner": "crolbar",
        "repo": "npassm",
        "type": "github"
      }
    },
    "nvim_conf": {
      "flake": false,
      "locked": {
        "lastModified": 1729963783,
        "narHash": "sha256-pgecqoF/cA8CQdUVxsn/skxSqC/EnoS/OZaTlZCNYjE=",
        "ref": "refs/heads/master",
        "rev": "173e8b5c4190a9381b1196d747f427cfdc94d87f",
        "revCount": 117,
        "type": "git",
        "url": "file:./home/cli/neovim/nvim"
      },
      "original": {
        "type": "git",
        "url": "file:./home/cli/neovim/nvim"
      }
    },
    "ristate": {
      "inputs": {
        "flake-parts": [
          "flake-parts"
        ],
        "nixpkgs": [
          "nixpkgs"
        ],
        "rust-overlay": [
          "rust-overlay"
        ]
      },
      "locked": {
        "lastModified": 1725352218,
        "narHash": "sha256-yRwi+ixn9tXF+dqubSOpLTVxWntKldwps+WYKJLR3fE=",
        "owner": "crolbar",
        "repo": "ristate",
        "rev": "2427b315fa210ab5abde6939dbe792ca1cb0d952",
        "type": "github"
      },
      "original": {
        "owner": "crolbar",
        "repo": "ristate",
        "type": "github"
      }
    },
    "root": {
      "inputs": {
        "agenix": "agenix",
        "anyrun": "anyrun",
        "dapu": "dapu",
        "darkmatter-grub-theme": "darkmatter-grub-theme",
        "flake-parts": "flake-parts_2",
        "gazi": "gazi",
        "hm": "hm",
        "hyprland": "hyprland",
        "leftwm": "leftwm",
        "lobster": "lobster",
        "matm": "matm",
        "microfetch": "microfetch",
        "nix-gaming": "nix-gaming",
        "nixpkgs": "nixpkgs_6",
        "npassm": "npassm",
        "nvim_conf": "nvim_conf",
        "ristate": "ristate",
        "rust-overlay": "rust-overlay_4",
        "schizofox": "schizofox",
        "spicetify-nix": "spicetify-nix",
        "swww": "swww",
        "tt-rs": "tt-rs",
        "wezterm": "wezterm",
        "yazi": "yazi",
        "zellij": "zellij"
      }
    },
    "rust-overlay": {
      "inputs": {
        "nixpkgs": [
          "dapu",
          "nixpkgs"
        ]
      },
      "locked": {
        "lastModified": 1725935143,
        "narHash": "sha256-mVtTVQMlXkydSXVwFClE0ckxHrOQ9nb2DrCjNwW5pUE=",
        "owner": "oxalica",
        "repo": "rust-overlay",
        "rev": "c3c175c74cd0e8c2c40a0e22bc6e3005c4d28d64",
        "type": "github"
      },
      "original": {
        "owner": "oxalica",
        "repo": "rust-overlay",
        "type": "github"
      }
    },
    "rust-overlay_2": {
      "inputs": {
        "flake-utils": "flake-utils",
        "nixpkgs": [
          "leftwm",
          "nixpkgs"
        ]
      },
      "locked": {
        "lastModified": 1709604635,
        "narHash": "sha256-le4fwmWmjGRYWwkho0Gr7mnnZndOOe4XGbLw68OvF40=",
        "owner": "oxalica",
        "repo": "rust-overlay",
        "rev": "e86c0fb5d3a22a5f30d7f64ecad88643fe26449d",
        "type": "github"
      },
      "original": {
        "owner": "oxalica",
        "repo": "rust-overlay",
        "type": "github"
      }
    },
    "rust-overlay_3": {
      "inputs": {
        "nixpkgs": [
          "matm",
          "nixpkgs"
        ]
      },
      "locked": {
        "lastModified": 1724034091,
        "narHash": "sha256-b1g7w0sw+MDAhUAeCoX1vlTghsqcDZkxr+k9OZmxPa8=",
        "owner": "oxalica",
        "repo": "rust-overlay",
        "rev": "c7d36e0947826e0751a5214ffe82533fbc909bc0",
        "type": "github"
      },
      "original": {
        "owner": "oxalica",
        "repo": "rust-overlay",
        "type": "github"
      }
    },
    "rust-overlay_4": {
      "inputs": {
        "nixpkgs": [
          "nixpkgs"
        ]
      },
      "locked": {
        "lastModified": 1725762472,
        "narHash": "sha256-thdxLVdcfrJNMFV3Ej9mDIh6QgHyoYswiW0SFNwod8A=",
        "owner": "oxalica",
        "repo": "rust-overlay",
        "rev": "57a1564c924ee4acbffe0ad3d65c7e90d3e77cd8",
        "type": "github"
      },
      "original": {
        "owner": "oxalica",
        "repo": "rust-overlay",
        "type": "github"
      }
    },
    "rust-overlay_5": {
      "inputs": {
        "nixpkgs": [
          "tt-rs",
          "nixpkgs"
        ]
      },
      "locked": {
        "lastModified": 1724034091,
        "narHash": "sha256-b1g7w0sw+MDAhUAeCoX1vlTghsqcDZkxr+k9OZmxPa8=",
        "owner": "oxalica",
        "repo": "rust-overlay",
        "rev": "c7d36e0947826e0751a5214ffe82533fbc909bc0",
        "type": "github"
      },
      "original": {
        "owner": "oxalica",
        "repo": "rust-overlay",
        "type": "github"
      }
    },
    "rust-overlay_6": {
      "inputs": {
        "nixpkgs": [
          "yazi",
          "nixpkgs"
        ]
      },
      "locked": {
        "lastModified": 1721441897,
        "narHash": "sha256-gYGX9/22tPNeF7dR6bWN5rsrpU4d06GnQNNgZ6ZiXz0=",
        "owner": "oxalica",
        "repo": "rust-overlay",
        "rev": "b7996075da11a2d441cfbf4e77c2939ce51506fd",
        "type": "github"
      },
      "original": {
        "owner": "oxalica",
        "repo": "rust-overlay",
        "rev": "b7996075da11a2d441cfbf4e77c2939ce51506fd",
        "type": "github"
      }
    },
    "rust-overlay_7": {
      "inputs": {
        "nixpkgs": [
          "zellij",
          "nixpkgs"
        ]
      },
      "locked": {
        "lastModified": 1725762472,
        "narHash": "sha256-thdxLVdcfrJNMFV3Ej9mDIh6QgHyoYswiW0SFNwod8A=",
        "owner": "oxalica",
        "repo": "rust-overlay",
        "rev": "57a1564c924ee4acbffe0ad3d65c7e90d3e77cd8",
        "type": "github"
      },
      "original": {
        "owner": "oxalica",
        "repo": "rust-overlay",
        "type": "github"
      }
    },
    "schizofox": {
      "inputs": {
        "flake-compat": "flake-compat_2",
        "flake-parts": [
          "flake-parts"
        ],
        "home-manager": "home-manager",
        "nixpak": "nixpak",
        "nixpkgs": [
          "nixpkgs"
        ],
        "searx-randomizer": "searx-randomizer",
        "systems": "systems_6"
      },
      "locked": {
        "lastModified": 1725210690,
        "narHash": "sha256-iCGXWHn7MeU3uKLw0bQyyl3rvIN7/X2bxZ7buqZgNvU=",
        "owner": "schizofox",
        "repo": "schizofox",
        "rev": "4c554d44b73823d820bb6add4c12411e0ffecd80",
        "type": "github"
      },
      "original": {
        "owner": "schizofox",
        "repo": "schizofox",
        "type": "github"
      }
    },
    "searx-randomizer": {
      "inputs": {
        "crane": "crane_2",
        "flake-parts": "flake-parts_6",
        "nixpkgs": [
          "schizofox",
          "nixpkgs"
        ]
      },
      "locked": {
        "lastModified": 1704412376,
        "narHash": "sha256-Ap/AudJxCYBDWYy0lyqP0/FZYJCibL7jKkoj6hp1WS0=",
        "owner": "schizofox",
        "repo": "searx-randomizer",
        "rev": "c36a473732ba6b4f6024ac1c181631cf4d542b17",
        "type": "github"
      },
      "original": {
        "owner": "schizofox",
        "repo": "searx-randomizer",
        "type": "github"
      }
    },
    "spicetify-nix": {
      "inputs": {
        "flake-compat": "flake-compat_3",
        "nixpkgs": [
          "nixpkgs"
        ]
      },
      "locked": {
        "lastModified": 1725077747,
        "narHash": "sha256-4SwFxe789QXOtGNFbwldpqFzkKxIFuyDysFttFWB5eM=",
        "owner": "Gerg-L",
        "repo": "spicetify-nix",
        "rev": "305b6034ad329268eb33c079e2d33740ccf329ea",
        "type": "github"
      },
      "original": {
        "owner": "Gerg-L",
        "repo": "spicetify-nix",
        "type": "github"
      }
    },
    "swww": {
      "inputs": {
        "flake-compat": "flake-compat_4",
        "nixpkgs": [
          "nixpkgs"
        ],
        "utils": "utils"
      },
      "locked": {
        "lastModified": 1725672586,
        "narHash": "sha256-C5Zwhx1g7QzqoaMRZGHlXAhlMHq44/6h0x0Pi1zg74Q=",
        "owner": "LGFae",
        "repo": "swww",
        "rev": "2408c0b6bb6d94702b8571151f9364f62817fc93",
        "type": "github"
      },
      "original": {
        "owner": "LGFae",
        "repo": "swww",
        "type": "github"
      }
    },
    "systems": {
      "locked": {
        "lastModified": 1681028828,
        "narHash": "sha256-Vy1rq5AaRuLzOxct8nz4T6wlgyUR7zLU309k9mBC768=",
        "owner": "nix-systems",
        "repo": "default",
        "rev": "da67096a3b9bf56a91d16901293e51ba5b49a27e",
        "type": "github"
      },
      "original": {
        "owner": "nix-systems",
        "repo": "default",
        "type": "github"
      }
    },
    "systems_10": {
      "locked": {
        "lastModified": 1681028828,
        "narHash": "sha256-Vy1rq5AaRuLzOxct8nz4T6wlgyUR7zLU309k9mBC768=",
        "owner": "nix-systems",
        "repo": "default",
        "rev": "da67096a3b9bf56a91d16901293e51ba5b49a27e",
        "type": "github"
      },
      "original": {
        "owner": "nix-systems",
        "repo": "default",
        "type": "github"
      }
    },
    "systems_2": {
      "locked": {
        "lastModified": 1689347949,
        "narHash": "sha256-12tWmuL2zgBgZkdoB6qXZsgJEH9LR3oUgpaQq2RbI80=",
        "owner": "nix-systems",
        "repo": "default-linux",
        "rev": "31732fcf5e8fea42e59c2488ad31a0e651500f68",
        "type": "github"
      },
      "original": {
        "owner": "nix-systems",
        "repo": "default-linux",
        "type": "github"
      }
    },
    "systems_3": {
      "locked": {
        "lastModified": 1689347949,
        "narHash": "sha256-12tWmuL2zgBgZkdoB6qXZsgJEH9LR3oUgpaQq2RbI80=",
        "owner": "nix-systems",
        "repo": "default-linux",
        "rev": "31732fcf5e8fea42e59c2488ad31a0e651500f68",
        "type": "github"
      },
      "original": {
        "owner": "nix-systems",
        "repo": "default-linux",
        "type": "github"
      }
    },
    "systems_4": {
      "locked": {
        "lastModified": 1681028828,
        "narHash": "sha256-Vy1rq5AaRuLzOxct8nz4T6wlgyUR7zLU309k9mBC768=",
        "owner": "nix-systems",
        "repo": "default",
        "rev": "da67096a3b9bf56a91d16901293e51ba5b49a27e",
        "type": "github"
      },
      "original": {
        "owner": "nix-systems",
        "repo": "default",
        "type": "github"
      }
    },
    "systems_5": {
      "locked": {
        "lastModified": 1689347949,
        "narHash": "sha256-12tWmuL2zgBgZkdoB6qXZsgJEH9LR3oUgpaQq2RbI80=",
        "owner": "nix-systems",
        "repo": "default-linux",
        "rev": "31732fcf5e8fea42e59c2488ad31a0e651500f68",
        "type": "github"
      },
      "original": {
        "owner": "nix-systems",
        "repo": "default-linux",
        "type": "github"
      }
    },
    "systems_6": {
      "locked": {
        "lastModified": 1689347949,
        "narHash": "sha256-12tWmuL2zgBgZkdoB6qXZsgJEH9LR3oUgpaQq2RbI80=",
        "owner": "nix-systems",
        "repo": "default-linux",
        "rev": "31732fcf5e8fea42e59c2488ad31a0e651500f68",
        "type": "github"
      },
      "original": {
        "owner": "nix-systems",
        "repo": "default-linux",
        "type": "github"
      }
    },
    "systems_7": {
      "locked": {
        "lastModified": 1681028828,
        "narHash": "sha256-Vy1rq5AaRuLzOxct8nz4T6wlgyUR7zLU309k9mBC768=",
        "owner": "nix-systems",
        "repo": "default",
        "rev": "da67096a3b9bf56a91d16901293e51ba5b49a27e",
        "type": "github"
      },
      "original": {
        "owner": "nix-systems",
        "repo": "default",
        "type": "github"
      }
    },
    "systems_8": {
      "locked": {
        "lastModified": 1681028828,
        "narHash": "sha256-Vy1rq5AaRuLzOxct8nz4T6wlgyUR7zLU309k9mBC768=",
        "owner": "nix-systems",
        "repo": "default",
        "rev": "da67096a3b9bf56a91d16901293e51ba5b49a27e",
        "type": "github"
      },
      "original": {
        "owner": "nix-systems",
        "repo": "default",
        "type": "github"
      }
    },
    "systems_9": {
      "locked": {
        "lastModified": 1681028828,
        "narHash": "sha256-Vy1rq5AaRuLzOxct8nz4T6wlgyUR7zLU309k9mBC768=",
        "owner": "nix-systems",
        "repo": "default",
        "rev": "da67096a3b9bf56a91d16901293e51ba5b49a27e",
        "type": "github"
      },
      "original": {
        "owner": "nix-systems",
        "repo": "default",
        "type": "github"
      }
    },
    "tt-rs": {
      "inputs": {
        "nixpkgs": "nixpkgs_8",
        "rust-overlay": "rust-overlay_5"
      },
      "locked": {
        "lastModified": 1725433225,
        "narHash": "sha256-rVD7lxQhCwc53r179N5ZAjsGcfKOzZR6fWaz3Xkj2ws=",
        "owner": "crolbar",
        "repo": "tt-rs",
        "rev": "2ebee78bfe2e2e516346d0b64b318f603d9b0e6f",
        "type": "github"
      },
      "original": {
        "owner": "crolbar",
        "repo": "tt-rs",
        "type": "github"
      }
    },
    "umu": {
      "inputs": {
        "nixpkgs": [
          "nix-gaming",
          "nixpkgs"
        ]
      },
      "locked": {
        "dir": "packaging/nix",
        "lastModified": 1725408497,
        "narHash": "sha256-wyJPWwHzHpFwc9XP9nM/Lpbvahusp2NcUtWXlErGi1g=",
        "ref": "refs/heads/main",
        "rev": "2d3c948a51bc1d2880a90bf985947f9afc89e8d1",
        "revCount": 713,
        "submodules": true,
        "type": "git",
        "url": "https://github.com/Open-Wine-Components/umu-launcher/"
      },
      "original": {
        "dir": "packaging/nix",
        "submodules": true,
        "type": "git",
        "url": "https://github.com/Open-Wine-Components/umu-launcher/"
      }
    },
    "utils": {
      "inputs": {
        "systems": "systems_7"
      },
      "locked": {
        "lastModified": 1710146030,
        "narHash": "sha256-SZ5L6eA7HJ/nmkzGG7/ISclqe6oZdOZTNoesiInkXPQ=",
        "owner": "numtide",
        "repo": "flake-utils",
        "rev": "b1d9ab70662946ef0850d488da1c9019f3a9752a",
        "type": "github"
      },
      "original": {
        "owner": "numtide",
        "repo": "flake-utils",
        "type": "github"
      }
    },
    "wezterm": {
      "inputs": {
        "flake-utils": "flake-utils_2",
        "freetype2": "freetype2",
        "harfbuzz": "harfbuzz",
        "libpng": "libpng",
        "nixpkgs": [
          "nixpkgs"
        ],
        "rust-overlay": [
          "rust-overlay"
        ],
        "zlib": "zlib"
      },
      "locked": {
        "dir": "nix",
        "lastModified": 1723525023,
        "narHash": "sha256-ZsDJQSUokodwFMP4FIZm2dYojf5iC4F/EeKC5VuQlqY=",
        "owner": "wez",
        "repo": "wezterm",
        "rev": "30345b36d8a00fed347e4df5dadd83915a7693fb",
        "type": "github"
      },
      "original": {
        "dir": "nix",
        "owner": "wez",
        "repo": "wezterm",
        "type": "github"
      }
    },
    "xdph": {
      "inputs": {
        "hyprland-protocols": "hyprland-protocols",
        "hyprlang": [
          "hyprland",
          "hyprlang"
        ],
        "nixpkgs": [
          "hyprland",
          "nixpkgs"
        ],
        "systems": [
          "hyprland",
          "systems"
        ]
      },
      "locked": {
        "lastModified": 1725203932,
        "narHash": "sha256-VLULC/OnI+6R9KEP2OIGk+uLJJsfRlaLouZ5gyFd2+Y=",
        "owner": "hyprwm",
        "repo": "xdg-desktop-portal-hyprland",
        "rev": "2425e8f541525fa7409d9f26a8ffaf92a3767251",
        "type": "github"
      },
      "original": {
        "owner": "hyprwm",
        "repo": "xdg-desktop-portal-hyprland",
        "type": "github"
      }
    },
    "yazi": {
      "inputs": {
        "flake-utils": "flake-utils_3",
        "nixpkgs": "nixpkgs_9",
        "rust-overlay": "rust-overlay_6"
      },
      "locked": {
        "lastModified": 1725688365,
        "narHash": "sha256-Jb+GfUPdjDl4Y1DGUUoysfXho+rbDPE0dnMpDOQcuBM=",
        "owner": "sxyazi",
        "repo": "yazi",
        "rev": "9483798459cbe8cb7dcca036a9463dc659fb0a41",
        "type": "github"
      },
      "original": {
        "owner": "sxyazi",
        "repo": "yazi",
        "type": "github"
      }
    },
    "zellij": {
      "inputs": {
        "flake-compat": "flake-compat_5",
        "flake-utils": "flake-utils_4",
        "multitask": "multitask",
        "nixpkgs": "nixpkgs_10",
        "rust-overlay": "rust-overlay_7",
        "zellij": "zellij_2"
      },
      "locked": {
        "lastModified": 1725779637,
        "narHash": "sha256-JsNhxJbH4lpk5n6iWPqOgxq+tQ/C/MAPBkRDor5BzAo=",
        "owner": "a-kenji",
        "repo": "zellij-nix",
        "rev": "7283ab09ef96e3e27eddb41b22c80d60cd8226e2",
        "type": "github"
      },
      "original": {
        "owner": "a-kenji",
        "repo": "zellij-nix",
        "type": "github"
      }
    },
    "zellij_2": {
      "flake": false,
      "locked": {
        "lastModified": 1724945791,
        "narHash": "sha256-uvlUSaQQpc8DIPBFf3h/NtwqJAUp6B4uQ4eWYt25xpM=",
        "owner": "zellij-org",
        "repo": "zellij",
        "rev": "489c4da5ffaf38526b76bad4ce09da63ae99331e",
        "type": "github"
      },
      "original": {
        "owner": "zellij-org",
        "repo": "zellij",
        "type": "github"
      }
    },
    "zlib": {
      "flake": false,
      "locked": {
        "lastModified": 1484501380,
        "narHash": "sha256-j5b6aki1ztrzfCqu8y729sPar8GpyQWIrajdzpJC+ww=",
        "owner": "madler",
        "repo": "zlib",
        "rev": "cacf7f1d4e3d44d871b605da3b647f07d718623f",
        "type": "github"
      },
      "original": {
        "owner": "madler",
        "ref": "v1.2.11",
        "repo": "zlib",
        "type": "github"
      }
    }
  },
  "root": "root",
  "version": 7
}
